# This file is automatically @generated by Cargo.
# It is not intended for manual editing.
version = 4

[[package]]
name = "rac"
version = "0.1.0"
dependencies = [
 "rac-ast",
 "rac-diagnostics",
 "rac-parser",
 "rac-typecheck",
]

[[package]]
name = "rac-ast"
version = "0.1.0"

[[package]]
name = "rac-diagnostics"
version = "0.1.0"

[[package]]
name = "rac-parser"
version = "0.1.0"
dependencies = [
 "rac-ast",
 "rac-diagnostics",
]

[[package]]
name = "rac-typecheck"
version = "0.1.0"
dependencies = [
 "rac-ast",
 "rac-diagnostics",
]
